
Microsoft Visual Studio Solution File, Format Version 12.00
# Visual Studio Version 16
VisualStudioVersion = 16.0.30523.141
MinimumVisualStudioVersion = 10.0.40219.1
Project("{FAE04EC0-301F-11D3-BF4B-00C04F79EFBC}") = "RussianRoullete", "RussianRoullete.csproj", "{91529CAC-4A6A-483B-AA67-56AA4A9EC510}"
EndProject
Global
	GlobalSection(SolutionConfigurationPlatforms) = preSolution
		Debug|Any CPU = Debug|Any CPU
		Release|Any CPU = Release|Any CPU
	EndGlobalSection
	GlobalSection(ProjectConfigurationPlatforms) = postSolution
		{91529CAC-4A6A-483B-AA67-56AA4A9EC510}.Debug|Any CPU.ActiveCfg = Debug|Any CPU
		{91529CAC-4A6A-483B-AA67-56AA4A9EC510}.Debug|Any CPU.Build.0 = Debug|Any CPU
		{91529CAC-4A6A-483B-AA67-56AA4A9EC510}.Release|Any CPU.ActiveCfg = Release|Any CPU
		{91529CAC-4A6A-483B-AA67-56AA4A9EC510}.Release|Any CPU.Build.0 = Release|Any CPU
	EndGlobalSection
	GlobalSection(SolutionProperties) = preSolution
		HideSolutionNode = FALSE
	EndGlobalSection
	GlobalSection(ExtensibilityGlobals) = postSolution
		SolutionGuid = {3EF38D75-5E6A-4691-879A-4C493193AC8D}
	EndGlobalSection
EndGlobal
